// !$*UTF8*$!
{
	archiveVersion = 1;
	classes = {
	};
	objectVersion = 48;
	objects = {

/* Begin PBXBuildFile section */
		7B370DC21FB141BB0020704A /* SqueezeNet.mlmodel in Sources */ = {isa = PBXBuildFile; fileRef = 7B370DC11FB141BB0020704A /* SqueezeNet.mlmodel */; };
		7B4F91FA1FB0E125001A8628 /* AppDelegate.swift in Sources */ = {isa = PBXBuildFile; fileRef = 7B4F91F91FB0E125001A8628 /* AppDelegate.swift */; };
		7B4F91FC1FB0E125001A8628 /* CameraVC.swift in Sources */ = {isa = PBXBuildFile; fileRef = 7B4F91FB1FB0E125001A8628 /* CameraVC.swift */; };
		7B4F91FF1FB0E125001A8628 /* Main.storyboard in Resources */ = {isa = PBXBuildFile; fileRef = 7B4F91FD1FB0E125001A8628 /* Main.storyboard */; };
		7B4F92011FB0E125001A8628 /* Assets.xcassets in Resources */ = {isa = PBXBuildFile; fileRef = 7B4F92001FB0E125001A8628 /* Assets.xcassets */; };
		7B4F92041FB0E125001A8628 /* LaunchScreen.storyboard in Resources */ = {isa = PBXBuildFile; fileRef = 7B4F92021FB0E125001A8628 /* LaunchScreen.storyboard */; };
		7B4F920F1FB0E638001A8628 /* RoundedShadowView.swift in Sources */ = {isa = PBXBuildFile; fileRef = 7B4F920E1FB0E638001A8628 /* RoundedShadowView.swift */; };
		7B4F92111FB0EA33001A8628 /* RoundedShadowButton.swift in Sources */ = {isa = PBXBuildFile; fileRef = 7B4F92101FB0EA33001A8628 /* RoundedShadowButton.swift */; };
		7B4F92131FB0EAAD001A8628 /* RoundedShadowImageView.swift in Sources */ = {isa = PBXBuildFile; fileRef = 7B4F92121FB0EAAD001A8628 /* RoundedShadowImageView.swift */; };
		7B4F92151FB0EB5A001A8628 /* UIView+Ext.swift in Sources */ = {isa = PBXBuildFile; fileRef = 7B4F92141FB0EB5A001A8628 /* UIView+Ext.swift */; };
		7B4F92181FB0ED44001A8628 /* 67.jpg in Resources */ = {isa = PBXBuildFile; fileRef = 7B4F92171FB0ED44001A8628 /* 67.jpg */; };
/* End PBXBuildFile section */

/* Begin PBXFileReference section */
		7B370DC11FB141BB0020704A /* SqueezeNet.mlmodel */ = {isa = PBXFileReference; lastKnownFileType = file.mlmodel; path = SqueezeNet.mlmodel; sourceTree = "<group>"; };
		7B4F91F61FB0E125001A8628 /* Identify.app */ = {isa = PBXFileReference; explicitFileType = wrapper.application; includeInIndex = 0; path = Identify.app; sourceTree = BUILT_PRODUCTS_DIR; };
		7B4F91F91FB0E125001A8628 /* AppDelegate.swift */ = {isa = PBXFileReference; lastKnownFileType = sourcecode.swift; path = AppDelegate.swift; sourceTree = "<group>"; };
		7B4F91FB1FB0E125001A8628 /* CameraVC.swift */ = {isa = PBXFileReference; lastKnownFileType = sourcecode.swift; path = CameraVC.swift; sourceTree = "<group>"; };
		7B4F91FE1FB0E125001A8628 /* Base */ = {isa = PBXFileReference; lastKnownFileType = file.storyboard; name = Base; path = Base.lproj/Main.storyboard; sourceTree = "<group>"; };
		7B4F92001FB0E125001A8628 /* Assets.xcassets */ = {isa = PBXFileReference; lastKnownFileType = folder.assetcatalog; path = Assets.xcassets; sourceTree = "<group>"; };
		7B4F92031FB0E125001A8628 /* Base */ = {isa = PBXFileReference; lastKnownFileType = file.storyboard; name = Base; path = Base.lproj/LaunchScreen.storyboard; sourceTree = "<group>"; };
		7B4F92051FB0E125001A8628 /* Info.plist */ = {isa = PBXFileReference; lastKnownFileType = text.plist.xml; path = Info.plist; sourceTree = "<group>"; };
		7B4F920E1FB0E638001A8628 /* RoundedShadowView.swift */ = {isa = PBXFileReference; lastKnownFileType = sourcecode.swift; path = RoundedShadowView.swift; sourceTree = "<group>"; };
		7B4F92101FB0EA33001A8628 /* RoundedShadowButton.swift */ = {isa = PBXFileReference; lastKnownFileType = sourcecode.swift; path = RoundedShadowButton.swift; sourceTree = "<group>"; };
		7B4F92121FB0EAAD001A8628 /* RoundedShadowImageView.swift */ = {isa = PBXFileReference; lastKnownFileType = sourcecode.swift; path = RoundedShadowImageView.swift; sourceTree = "<group>"; };
		7B4F92141FB0EB5A001A8628 /* UIView+Ext.swift */ = {isa = PBXFileReference; lastKnownFileType = sourcecode.swift; path = "UIView+Ext.swift"; sourceTree = "<group>"; };
		7B4F92171FB0ED44001A8628 /* 67.jpg */ = {isa = PBXFileReference; lastKnownFileType = image.jpeg; path = 67.jpg; sourceTree = "<group>"; };
/* End PBXFileReference section */

/* Begin PBXFrameworksBuildPhase section */
		7B4F91F31FB0E125001A8628 /* Frameworks */ = {
			isa = PBXFrameworksBuildPhase;
			buildActionMask = 2147483647;
			files = (
			);
			runOnlyForDeploymentPostprocessing = 0;
		};
/* End PBXFrameworksBuildPhase section */

/* Begin PBXGroup section */
		7B4F91ED1FB0E125001A8628 = {
			isa = PBXGroup;
			children = (
				7B4F91F81FB0E125001A8628 /* Identify */,
				7B4F91F71FB0E125001A8628 /* Products */,
			);
			sourceTree = "<group>";
		};
		7B4F91F71FB0E125001A8628 /* Products */ = {
			isa = PBXGroup;
			children = (
				7B4F91F61FB0E125001A8628 /* Identify.app */,
			);
			name = Products;
			sourceTree = "<group>";
		};
		7B4F91F81FB0E125001A8628 /* Identify */ = {
			isa = PBXGroup;
			children = (
				7B4F92161FB0EC1C001A8628 /* Extensions */,
				7B4F920D1FB0E1CC001A8628 /* Model */,
				7B4F920C1FB0E1C7001A8628 /* View */,
				7B4F920B1FB0E1BF001A8628 /* Controller */,
				7B4F91F91FB0E125001A8628 /* AppDelegate.swift */,
				7B4F91FD1FB0E125001A8628 /* Main.storyboard */,
				7B4F92001FB0E125001A8628 /* Assets.xcassets */,
				7B4F92171FB0ED44001A8628 /* 67.jpg */,
				7B4F92021FB0E125001A8628 /* LaunchScreen.storyboard */,
				7B4F92051FB0E125001A8628 /* Info.plist */,
			);
			path = Identify;
			sourceTree = "<group>";
		};
		7B4F920B1FB0E1BF001A8628 /* Controller */ = {
			isa = PBXGroup;
			children = (
				7B4F91FB1FB0E125001A8628 /* CameraVC.swift */,
			);
			path = Controller;
			sourceTree = "<group>";
		};
		7B4F920C1FB0E1C7001A8628 /* View */ = {
			isa = PBXGroup;
			children = (
				7B4F920E1FB0E638001A8628 /* RoundedShadowView.swift */,
				7B4F92101FB0EA33001A8628 /* RoundedShadowButton.swift */,
				7B4F92121FB0EAAD001A8628 /* RoundedShadowImageView.swift */,
			);
			path = View;
			sourceTree = "<group>";
		};
		7B4F920D1FB0E1CC001A8628 /* Model */ = {
			isa = PBXGroup;
			children = (
				7B370DC11FB141BB0020704A /* SqueezeNet.mlmodel */,
			);
			path = Model;
			sourceTree = "<group>";
		};
		7B4F92161FB0EC1C001A8628 /* Extensions */ = {
			isa = PBXGroup;
			children = (
				7B4F92141FB0EB5A001A8628 /* UIView+Ext.swift */,
			);
			path = Extensions;
			sourceTree = "<group>";
		};
/* End PBXGroup section */

/* Begin PBXNativeTarget section */
		7B4F91F51FB0E125001A8628 /* Identify */ = {
			isa = PBXNativeTarget;
			buildConfigurationList = 7B4F92081FB0E125001A8628 /* Build configuration list for PBXNativeTarget "Identify" */;
			buildPhases = (
				7B4F91F21FB0E125001A8628 /* Sources */,
				7B4F91F31FB0E125001A8628 /* Frameworks */,
				7B4F91F41FB0E125001A8628 /* Resources */,
			);
			buildRules = (
			);
			dependencies = (
			);
			name = Identify;
			productName = Identify;
			productReference = 7B4F91F61FB0E125001A8628 /* Identify.app */;
			productType = "com.apple.product-type.application";
		};
/* End PBXNativeTarget section */

/* Begin PBXProject section */
		7B4F91EE1FB0E125001A8628 /* Project object */ = {
			isa = PBXProject;
			attributes = {
				LastSwiftUpdateCheck = 0910;
				LastUpgradeCheck = 0910;
				ORGANIZATIONNAME = "Dan Lindsay";
				TargetAttributes = {
					7B4F91F51FB0E125001A8628 = {
						CreatedOnToolsVersion = 9.1;
						ProvisioningStyle = Automatic;
					};
				};
			};
			buildConfigurationList = 7B4F91F11FB0E125001A8628 /* Build configuration list for PBXProject "Identify" */;
			compatibilityVersion = "Xcode 8.0";
			developmentRegion = en;
			hasScannedForEncodings = 0;
			knownRegions = (
				en,
				Base,
			);
			mainGroup = 7B4F91ED1FB0E125001A8628;
			productRefGroup = 7B4F91F71FB0E125001A8628 /* Products */;
			projectDirPath = "";
			projectRoot = "";
			targets = (
				7B4F91F51FB0E125001A8628 /* Identify */,
			);
		};
/* End PBXProject section */

/* Begin PBXResourcesBuildPhase section */
		7B4F91F41FB0E125001A8628 /* Resources */ = {
			isa = PBXResourcesBuildPhase;
			buildActionMask = 2147483647;
			files = (
				7B4F92041FB0E125001A8628 /* LaunchScreen.storyboard in Resources */,
				7B4F92011FB0E125001A8628 /* Assets.xcassets in Resources */,
				7B4F92181FB0ED44001A8628 /* 67.jpg in Resources */,
				7B4F91FF1FB0E125001A8628 /* Main.storyboard in Resources */,
			);
			runOnlyForDeploymentPostprocessing = 0;
		};
/* End PBXResourcesBuildPhase section */

/* Begin PBXSourcesBuildPhase section */
		7B4F91F21FB0E125001A8628 /* Sources */ = {
			isa = PBXSourcesBuildPhase;
			buildActionMask = 2147483647;
			files = (
				7B4F91FC1FB0E125001A8628 /* CameraVC.swift in Sources */,
				7B4F91FA1FB0E125001A8628 /* AppDelegate.swift in Sources */,
				7B4F92151FB0EB5A001A8628 /* UIView+Ext.swift in Sources */,
				7B370DC21FB141BB0020704A /* SqueezeNet.mlmodel in Sources */,
				7B4F920F1FB0E638001A8628 /* RoundedShadowView.swift in Sources */,
				7B4F92111FB0EA33001A8628 /* RoundedShadowButton.swift in Sources */,
				7B4F92131FB0EAAD001A8628 /* RoundedShadowImageView.swift in Sources */,
			);
			runOnlyForDeploymentPostprocessing = 0;
		};
/* End PBXSourcesBuildPhase section */

/* Begin PBXVariantGroup section */
		7B4F91FD1FB0E125001A8628 /* Main.storyboard */ = {
			isa = PBXVariantGroup;
			children = (
				7B4F91FE1FB0E125001A8628 /* Base */,
			);
			name = Main.storyboard;
			sourceTree = "<group>";
		};
		7B4F92021FB0E125001A8628 /* LaunchScreen.storyboard */ = {
			isa = PBXVariantGroup;
			children = (
				7B4F92031FB0E125001A8628 /* Base */,
			);
			name = LaunchScreen.storyboard;
			sourceTree = "<group>";
		};
/* End PBXVariantGroup section */

/* Begin XCBuildConfiguration section */
		7B4F92061FB0E125001A8628 /* Debug */ = {
			isa = XCBuildConfiguration;
			buildSettings = {
				ALWAYS_SEARCH_USER_PATHS = NO;
				CLANG_ANALYZER_NONNULL = YES;
				CLANG_ANALYZER_NUMBER_OBJECT_CONVERSION = YES_AGGRESSIVE;
				CLANG_CXX_LANGUAGE_STANDARD = "gnu++14";
				CLANG_CXX_LIBRARY = "libc++";
				CLANG_ENABLE_MODULES = YES;
				CLANG_ENABLE_OBJC_ARC = YES;
				CLANG_WARN_BLOCK_CAPTURE_AUTORELEASING = YES;
				CLANG_WARN_BOOL_CONVERSION = YES;
				CLANG_WARN_COMMA = YES;
				CLANG_WARN_CONSTANT_CONVERSION = YES;
				CLANG_WARN_DIRECT_OBJC_ISA_USAGE = YES_ERROR;
				CLANG_WARN_DOCUMENTATION_COMMENTS = YES;
				CLANG_WARN_EMPTY_BODY = YES;
				CLANG_WARN_ENUM_CONVERSION = YES;
				CLANG_WARN_INFINITE_RECURSION = YES;
				CLANG_WARN_INT_CONVERSION = YES;
				CLANG_WARN_NON_LITERAL_NULL_CONVERSION = YES;
				CLANG_WARN_OBJC_LITERAL_CONVERSION = YES;
				CLANG_WARN_OBJC_ROOT_CLASS = YES_ERROR;
				CLANG_WARN_RANGE_LOOP_ANALYSIS = YES;
				CLANG_WARN_STRICT_PROTOTYPES = YES;
				CLANG_WARN_SUSPICIOUS_MOVE = YES;
				CLANG_WARN_UNGUARDED_AVAILABILITY = YES_AGGRESSIVE;
				CLANG_WARN_UNREACHABLE_CODE = YES;
				CLANG_WARN__DUPLICATE_METHOD_MATCH = YES;
				CODE_SIGN_IDENTITY = "iPhone Developer";
				COPY_PHASE_STRIP = NO;
				DEBUG_INFORMATION_FORMAT = dwarf;
				ENABLE_STRICT_OBJC_MSGSEND = YES;
				ENABLE_TESTABILITY = YES;
				GCC_C_LANGUAGE_STANDARD = gnu11;
				GCC_DYNAMIC_NO_PIC = NO;
				GCC_NO_COMMON_BLOCKS = YES;
				GCC_OPTIMIZATION_LEVEL = 0;
				GCC_PREPROCESSOR_DEFINITIONS = (
					"DEBUG=1",
					"$(inherited)",
				);
				GCC_WARN_64_TO_32_BIT_CONVERSION = YES;
				GCC_WARN_ABOUT_RETURN_TYPE = YES_ERROR;
				GCC_WARN_UNDECLARED_SELECTOR = YES;
				GCC_WARN_UNINITIALIZED_AUTOS = YES_AGGRESSIVE;
				GCC_WARN_UNUSED_FUNCTION = YES;
				GCC_WARN_UNUSED_VARIABLE = YES;
				IPHONEOS_DEPLOYMENT_TARGET = 11.1;
				MTL_ENABLE_DEBUG_INFO = YES;
				ONLY_ACTIVE_ARCH = YES;
				SDKROOT = iphoneos;
				SWIFT_ACTIVE_COMPILATION_CONDITIONS = DEBUG;
				SWIFT_OPTIMIZATION_LEVEL = "-Onone";
			};
			name = Debug;
		};
		7B4F92071FB0E125001A8628 /* Release */ = {
			isa = XCBuildConfiguration;
			buildSettings = {
				ALWAYS_SEARCH_USER_PATHS = NO;
				CLANG_ANALYZER_NONNULL = YES;
				CLANG_ANALYZER_NUMBER_OBJECT_CONVERSION = YES_AGGRESSIVE;
				CLANG_CXX_LANGUAGE_STANDARD = "gnu++14";
				CLANG_CXX_LIBRARY = "libc++";
				CLANG_ENABLE_MODULES = YES;
				CLANG_ENABLE_OBJC_ARC = YES;
				CLANG_WARN_BLOCK_CAPTURE_AUTORELEASING = YES;
				CLANG_WARN_BOOL_CONVERSION = YES;
				CLANG_WARN_COMMA = YES;
				CLANG_WARN_CONSTANT_CONVERSION = YES;
				CLANG_WARN_DIRECT_OBJC_ISA_USAGE = YES_ERROR;
				CLANG_WARN_DOCUMENTATION_COMMENTS = YES;
				CLANG_WARN_EMPTY_BODY = YES;
				CLANG_WARN_ENUM_CONVERSION = YES;
				CLANG_WARN_INFINITE_RECURSION = YES;
				CLANG_WARN_INT_CONVERSION = YES;
				CLANG_WARN_NON_LITERAL_NULL_CONVERSION = YES;
				CLANG_WARN_OBJC_LITERAL_CONVERSION = YES;
				CLANG_WARN_OBJC_ROOT_CLASS = YES_ERROR;
				CLANG_WARN_RANGE_LOOP_ANALYSIS = YES;
				CLANG_WARN_STRICT_PROTOTYPES = YES;
				CLANG_WARN_SUSPICIOUS_MOVE = YES;
				CLANG_WARN_UNGUARDED_AVAILABILITY = YES_AGGRESSIVE;
				CLANG_WARN_UNREACHABLE_CODE = YES;
				CLANG_WARN__DUPLICATE_METHOD_MATCH = YES;
				CODE_SIGN_IDENTITY = "iPhone Developer";
				COPY_PHASE_STRIP = NO;
				DEBUG_INFORMATION_FORMAT = "dwarf-with-dsym";
				ENABLE_NS_ASSERTIONS = NO;
				ENABLE_STRICT_OBJC_MSGSEND = YES;
				GCC_C_LANGUAGE_STANDARD = gnu11;
				GCC_NO_COMMON_BLOCKS = YES;
				GCC_WARN_64_TO_32_BIT_CONVERSION = YES;
				GCC_WARN_ABOUT_RETURN_TYPE = YES_ERROR;
				GCC_WARN_UNDECLARED_SELECTOR = YES;
				GCC_WARN_UNINITIALIZED_AUTOS = YES_AGGRESSIVE;
				GCC_WARN_UNUSED_FUNCTION = YES;
				GCC_WARN_UNUSED_VARIABLE = YES;
				IPHONEOS_DEPLOYMENT_TARGET = 11.1;
				MTL_ENABLE_DEBUG_INFO = NO;
				SDKROOT = iphoneos;
				SWIFT_OPTIMIZATION_LEVEL = "-Owholemodule";
				VALIDATE_PRODUCT = YES;
			};
			name = Release;
		};
		7B4F92091FB0E125001A8628 /* Debug */ = {
			isa = XCBuildConfiguration;
			buildSettings = {
				ASSETCATALOG_COMPILER_APPICON_NAME = AppIcon;
				CODE_SIGN_STYLE = Automatic;
				DEVELOPMENT_TEAM = 999T2QHS45;
				INFOPLIST_FILE = Identify/Info.plist;
				IPHONEOS_DEPLOYMENT_TARGET = 11.0;
				LD_RUNPATH_SEARCH_PATHS = "$(inherited) @executable_path/Frameworks";
				PRODUCT_BUNDLE_IDENTIFIER = com.dreamerongo.Identify;
				PRODUCT_NAME = "$(TARGET_NAME)";
				SWIFT_VERSION = 4.0;
				TARGETED_DEVICE_FAMILY = "1,2";
			};
			name = Debug;
		};
		7B4F920A1FB0E125001A8628 /* Release */ = {
			isa = XCBuildConfiguration;
			buildSettings = {
				ASSETCATALOG_COMPILER_APPICON_NAME = AppIcon;
				CODE_SIGN_STYLE = Automatic;
				DEVELOPMENT_TEAM = 999T2QHS45;
				INFOPLIST_FILE = Identify/Info.plist;
				IPHONEOS_DEPLOYMENT_TARGET = 11.0;
				LD_RUNPATH_SEARCH_PATHS = "$(inherited) @executable_path/Frameworks";
				PRODUCT_BUNDLE_IDENTIFIER = com.dreamerongo.Identify;
				PRODUCT_NAME = "$(TARGET_NAME)";
				SWIFT_VERSION = 4.0;
				TARGETED_DEVICE_FAMILY = "1,2";
			};
			name = Release;
		};
/* End XCBuildConfiguration section */

/* Begin XCConfigurationList section */
		7B4F91F11FB0E125001A8628 /* Build configuration list for PBXProject "Identify" */ = {
			isa = XCConfigurationList;
			buildConfigurations = (
				7B4F92061FB0E125001A8628 /* Debug */,
				7B4F92071FB0E125001A8628 /* Release */,
			);
			defaultConfigurationIsVisible = 0;
			defaultConfigurationName = Release;
		};
		7B4F92081FB0E125001A8628 /* Build configuration list for PBXNativeTarget "Identify" */ = {
			isa = XCConfigurationList;
			buildConfigurations = (
				7B4F92091FB0E125001A8628 /* Debug */,
				7B4F920A1FB0E125001A8628 /* Release */,
			);
			defaultConfigurationIsVisible = 0;
			defaultConfigurationName = Release;
		};
/* End XCConfigurationList section */
	};
	rootObject = 7B4F91EE1FB0E125001A8628 /* Project object */;
}
